
Microsoft Visual Studio Solution File, Format Version 12.00
# Visual Studio 15
VisualStudioVersion = 15.0.27130.2036
MinimumVisualStudioVersion = 10.0.40219.1
Project("{FAE04EC0-301F-11D3-BF4B-00C04F79EFBC}") = "Diploma_Curator_Subsystem", "Diploma_Curator_Subsystem\Diploma_Curator_Subsystem.csproj", "{B388880E-E8C8-41F2-8C7C-CDEAF9E6722E}"
EndProject
Global
	GlobalSection(SolutionConfigurationPlatforms) = preSolution
		Debug|Any CPU = Debug|Any CPU
		Release|Any CPU = Release|Any CPU
	EndGlobalSection
	GlobalSection(ProjectConfigurationPlatforms) = postSolution
		{B388880E-E8C8-41F2-8C7C-CDEAF9E6722E}.Debug|Any CPU.ActiveCfg = Debug|Any CPU
		{B388880E-E8C8-41F2-8C7C-CDEAF9E6722E}.Debug|Any CPU.Build.0 = Debug|Any CPU
		{B388880E-E8C8-41F2-8C7C-CDEAF9E6722E}.Release|Any CPU.ActiveCfg = Release|Any CPU
		{B388880E-E8C8-41F2-8C7C-CDEAF9E6722E}.Release|Any CPU.Build.0 = Release|Any CPU
	EndGlobalSection
	GlobalSection(SolutionProperties) = preSolution
		HideSolutionNode = FALSE
	EndGlobalSection
	GlobalSection(ExtensibilityGlobals) = postSolution
		SolutionGuid = {A30C818A-6038-48BD-960C-714AB5FD1631}
	EndGlobalSection
EndGlobal
